
Microsoft Visual Studio Solution File, Format Version 12.00
# Visual Studio Version 17
VisualStudioVersion = 17.9.34622.214
MinimumVisualStudioVersion = 10.0.40219.1
Project("{9A19103F-16F7-4668-BE54-9A1E7A4F7556}") = "SampleProject.API", "SampleProject.API\SampleProject.API.csproj", "{5C403FB6-B6A4-47A5-9D69-06BB64CA5EDF}"
EndProject
Project("{FAE04EC0-301F-11D3-BF4B-00C04F79EFBC}") = "SampleProject.Business", "SampleProject.Business\SampleProject.Business.csproj", "{D41AAC72-8ED2-4442-9067-D9E362E19FA8}"
EndProject
Project("{FAE04EC0-301F-11D3-BF4B-00C04F79EFBC}") = "SampleProject.Common", "SampleProject.Common\SampleProject.Common.csproj", "{862F1B02-99FA-46B7-A093-2B2C97871F3A}"
EndProject
Project("{FAE04EC0-301F-11D3-BF4B-00C04F79EFBC}") = "SampleProject.Infrastructure", "SampleProject.Infrastructure\SampleProject.Infrastructure.csproj", "{691FDE4D-9C12-474F-8669-45BA0543318B}"
EndProject
Global
	GlobalSection(SolutionConfigurationPlatforms) = preSolution
		Debug|Any CPU = Debug|Any CPU
		Release|Any CPU = Release|Any CPU
	EndGlobalSection
	GlobalSection(ProjectConfigurationPlatforms) = postSolution
		{5C403FB6-B6A4-47A5-9D69-06BB64CA5EDF}.Debug|Any CPU.ActiveCfg = Debug|Any CPU
		{5C403FB6-B6A4-47A5-9D69-06BB64CA5EDF}.Debug|Any CPU.Build.0 = Debug|Any CPU
		{5C403FB6-B6A4-47A5-9D69-06BB64CA5EDF}.Release|Any CPU.ActiveCfg = Release|Any CPU
		{5C403FB6-B6A4-47A5-9D69-06BB64CA5EDF}.Release|Any CPU.Build.0 = Release|Any CPU
		{D41AAC72-8ED2-4442-9067-D9E362E19FA8}.Debug|Any CPU.ActiveCfg = Debug|Any CPU
		{D41AAC72-8ED2-4442-9067-D9E362E19FA8}.Debug|Any CPU.Build.0 = Debug|Any CPU
		{D41AAC72-8ED2-4442-9067-D9E362E19FA8}.Release|Any CPU.ActiveCfg = Release|Any CPU
		{D41AAC72-8ED2-4442-9067-D9E362E19FA8}.Release|Any CPU.Build.0 = Release|Any CPU
		{862F1B02-99FA-46B7-A093-2B2C97871F3A}.Debug|Any CPU.ActiveCfg = Debug|Any CPU
		{862F1B02-99FA-46B7-A093-2B2C97871F3A}.Debug|Any CPU.Build.0 = Debug|Any CPU
		{862F1B02-99FA-46B7-A093-2B2C97871F3A}.Release|Any CPU.ActiveCfg = Release|Any CPU
		{862F1B02-99FA-46B7-A093-2B2C97871F3A}.Release|Any CPU.Build.0 = Release|Any CPU
		{691FDE4D-9C12-474F-8669-45BA0543318B}.Debug|Any CPU.ActiveCfg = Debug|Any CPU
		{691FDE4D-9C12-474F-8669-45BA0543318B}.Debug|Any CPU.Build.0 = Debug|Any CPU
		{691FDE4D-9C12-474F-8669-45BA0543318B}.Release|Any CPU.ActiveCfg = Release|Any CPU
		{691FDE4D-9C12-474F-8669-45BA0543318B}.Release|Any CPU.Build.0 = Release|Any CPU
	EndGlobalSection
	GlobalSection(SolutionProperties) = preSolution
		HideSolutionNode = FALSE
	EndGlobalSection
	GlobalSection(ExtensibilityGlobals) = postSolution
		SolutionGuid = {73F13C16-0D6F-461C-828B-B8C696315E6B}
	EndGlobalSection
EndGlobal
